// !$*UTF8*$!
{
	archiveVersion = 1;
	classes = {
	};
	objectVersion = 46;
	objects = {

/* Begin PBXBuildFile section */
		85C088091EB530400029FB9A /* main.m in Sources */ = {isa = PBXBuildFile; fileRef = 85C088081EB530400029FB9A /* main.m */; };
		85C0880C1EB530400029FB9A /* AppDelegate.m in Sources */ = {isa = PBXBuildFile; fileRef = 85C0880B1EB530400029FB9A /* AppDelegate.m */; };
		85C0880F1EB530400029FB9A /* ViewController.m in Sources */ = {isa = PBXBuildFile; fileRef = 85C0880E1EB530400029FB9A /* ViewController.m */; };
		85C088121EB530400029FB9A /* Main.storyboard in Resources */ = {isa = PBXBuildFile; fileRef = 85C088101EB530400029FB9A /* Main.storyboard */; };
		85C088151EB530400029FB9A /* RetailStore.xcdatamodeld in Sources */ = {isa = PBXBuildFile; fileRef = 85C088131EB530400029FB9A /* RetailStore.xcdatamodeld */; };
		85C088171EB530400029FB9A /* Assets.xcassets in Resources */ = {isa = PBXBuildFile; fileRef = 85C088161EB530400029FB9A /* Assets.xcassets */; };
		85C0881A1EB530400029FB9A /* LaunchScreen.storyboard in Resources */ = {isa = PBXBuildFile; fileRef = 85C088181EB530400029FB9A /* LaunchScreen.storyboard */; };
		85C088251EB530410029FB9A /* RetailStoreTests.m in Sources */ = {isa = PBXBuildFile; fileRef = 85C088241EB530410029FB9A /* RetailStoreTests.m */; };
		85C088301EB530410029FB9A /* RetailStoreUITests.m in Sources */ = {isa = PBXBuildFile; fileRef = 85C0882F1EB530410029FB9A /* RetailStoreUITests.m */; };
/* End PBXBuildFile section */

/* Begin PBXContainerItemProxy section */
		85C088211EB530410029FB9A /* PBXContainerItemProxy */ = {
			isa = PBXContainerItemProxy;
			containerPortal = 85C087FC1EB530400029FB9A /* Project object */;
			proxyType = 1;
			remoteGlobalIDString = 85C088031EB530400029FB9A;
			remoteInfo = RetailStore;
		};
		85C0882C1EB530410029FB9A /* PBXContainerItemProxy */ = {
			isa = PBXContainerItemProxy;
			containerPortal = 85C087FC1EB530400029FB9A /* Project object */;
			proxyType = 1;
			remoteGlobalIDString = 85C088031EB530400029FB9A;
			remoteInfo = RetailStore;
		};
/* End PBXContainerItemProxy section */

/* Begin PBXFileReference section */
		85C088041EB530400029FB9A /* RetailStore.app */ = {isa = PBXFileReference; explicitFileType = wrapper.application; includeInIndex = 0; path = RetailStore.app; sourceTree = BUILT_PRODUCTS_DIR; };
		85C088081EB530400029FB9A /* main.m */ = {isa = PBXFileReference; lastKnownFileType = sourcecode.c.objc; path = main.m; sourceTree = "<group>"; };
		85C0880A1EB530400029FB9A /* AppDelegate.h */ = {isa = PBXFileReference; lastKnownFileType = sourcecode.c.h; path = AppDelegate.h; sourceTree = "<group>"; };
		85C0880B1EB530400029FB9A /* AppDelegate.m */ = {isa = PBXFileReference; lastKnownFileType = sourcecode.c.objc; path = AppDelegate.m; sourceTree = "<group>"; };
		85C0880D1EB530400029FB9A /* ViewController.h */ = {isa = PBXFileReference; lastKnownFileType = sourcecode.c.h; path = ViewController.h; sourceTree = "<group>"; };
		85C0880E1EB530400029FB9A /* ViewController.m */ = {isa = PBXFileReference; lastKnownFileType = sourcecode.c.objc; path = ViewController.m; sourceTree = "<group>"; };
		85C088111EB530400029FB9A /* Base */ = {isa = PBXFileReference; lastKnownFileType = file.storyboard; name = Base; path = Base.lproj/Main.storyboard; sourceTree = "<group>"; };
		85C088141EB530400029FB9A /* RetailStore.xcdatamodel */ = {isa = PBXFileReference; lastKnownFileType = wrapper.xcdatamodel; path = RetailStore.xcdatamodel; sourceTree = "<group>"; };
		85C088161EB530400029FB9A /* Assets.xcassets */ = {isa = PBXFileReference; lastKnownFileType = folder.assetcatalog; path = Assets.xcassets; sourceTree = "<group>"; };
		85C088191EB530400029FB9A /* Base */ = {isa = PBXFileReference; lastKnownFileType = file.storyboard; name = Base; path = Base.lproj/LaunchScreen.storyboard; sourceTree = "<group>"; };
		85C0881B1EB530400029FB9A /* Info.plist */ = {isa = PBXFileReference; lastKnownFileType = text.plist.xml; path = Info.plist; sourceTree = "<group>"; };
		85C088201EB530410029FB9A /* RetailStoreTests.xctest */ = {isa = PBXFileReference; explicitFileType = wrapper.cfbundle; includeInIndex = 0; path = RetailStoreTests.xctest; sourceTree = BUILT_PRODUCTS_DIR; };
		85C088241EB530410029FB9A /* RetailStoreTests.m */ = {isa = PBXFileReference; lastKnownFileType = sourcecode.c.objc; path = RetailStoreTests.m; sourceTree = "<group>"; };
		85C088261EB530410029FB9A /* Info.plist */ = {isa = PBXFileReference; lastKnownFileType = text.plist.xml; path = Info.plist; sourceTree = "<group>"; };
		85C0882B1EB530410029FB9A /* RetailStoreUITests.xctest */ = {isa = PBXFileReference; explicitFileType = wrapper.cfbundle; includeInIndex = 0; path = RetailStoreUITests.xctest; sourceTree = BUILT_PRODUCTS_DIR; };
		85C0882F1EB530410029FB9A /* RetailStoreUITests.m */ = {isa = PBXFileReference; lastKnownFileType = sourcecode.c.objc; path = RetailStoreUITests.m; sourceTree = "<group>"; };
		85C088311EB530410029FB9A /* Info.plist */ = {isa = PBXFileReference; lastKnownFileType = text.plist.xml; path = Info.plist; sourceTree = "<group>"; };
/* End PBXFileReference section */

/* Begin PBXFrameworksBuildPhase section */
		85C088011EB530400029FB9A /* Frameworks */ = {
			isa = PBXFrameworksBuildPhase;
			buildActionMask = 2147483647;
			files = (
			);
			runOnlyForDeploymentPostprocessing = 0;
		};
		85C0881D1EB530410029FB9A /* Frameworks */ = {
			isa = PBXFrameworksBuildPhase;
			buildActionMask = 2147483647;
			files = (
			);
			runOnlyForDeploymentPostprocessing = 0;
		};
		85C088281EB530410029FB9A /* Frameworks */ = {
			isa = PBXFrameworksBuildPhase;
			buildActionMask = 2147483647;
			files = (
			);
			runOnlyForDeploymentPostprocessing = 0;
		};
/* End PBXFrameworksBuildPhase section */

/* Begin PBXGroup section */
		85C087FB1EB530400029FB9A = {
			isa = PBXGroup;
			children = (
				85C088061EB530400029FB9A /* RetailStore */,
				85C088231EB530410029FB9A /* RetailStoreTests */,
				85C0882E1EB530410029FB9A /* RetailStoreUITests */,
				85C088051EB530400029FB9A /* Products */,
			);
			sourceTree = "<group>";
		};
		85C088051EB530400029FB9A /* Products */ = {
			isa = PBXGroup;
			children = (
				85C088041EB530400029FB9A /* RetailStore.app */,
				85C088201EB530410029FB9A /* RetailStoreTests.xctest */,
				85C0882B1EB530410029FB9A /* RetailStoreUITests.xctest */,
			);
			name = Products;
			sourceTree = "<group>";
		};
		85C088061EB530400029FB9A /* RetailStore */ = {
			isa = PBXGroup;
			children = (
				85C0880A1EB530400029FB9A /* AppDelegate.h */,
				85C0880B1EB530400029FB9A /* AppDelegate.m */,
				85C0880D1EB530400029FB9A /* ViewController.h */,
				85C0880E1EB530400029FB9A /* ViewController.m */,
				85C088101EB530400029FB9A /* Main.storyboard */,
				85C088161EB530400029FB9A /* Assets.xcassets */,
				85C088181EB530400029FB9A /* LaunchScreen.storyboard */,
				85C0881B1EB530400029FB9A /* Info.plist */,
				85C088131EB530400029FB9A /* RetailStore.xcdatamodeld */,
				85C088071EB530400029FB9A /* Supporting Files */,
			);
			path = RetailStore;
			sourceTree = "<group>";
		};
		85C088071EB530400029FB9A /* Supporting Files */ = {
			isa = PBXGroup;
			children = (
				85C088081EB530400029FB9A /* main.m */,
			);
			name = "Supporting Files";
			sourceTree = "<group>";
		};
		85C088231EB530410029FB9A /* RetailStoreTests */ = {
			isa = PBXGroup;
			children = (
				85C088241EB530410029FB9A /* RetailStoreTests.m */,
				85C088261EB530410029FB9A /* Info.plist */,
			);
			path = RetailStoreTests;
			sourceTree = "<group>";
		};
		85C0882E1EB530410029FB9A /* RetailStoreUITests */ = {
			isa = PBXGroup;
			children = (
				85C0882F1EB530410029FB9A /* RetailStoreUITests.m */,
				85C088311EB530410029FB9A /* Info.plist */,
			);
			path = RetailStoreUITests;
			sourceTree = "<group>";
		};
/* End PBXGroup section */

/* Begin PBXNativeTarget section */
		85C088031EB530400029FB9A /* RetailStore */ = {
			isa = PBXNativeTarget;
			buildConfigurationList = 85C088341EB530410029FB9A /* Build configuration list for PBXNativeTarget "RetailStore" */;
			buildPhases = (
				85C088001EB530400029FB9A /* Sources */,
				85C088011EB530400029FB9A /* Frameworks */,
				85C088021EB530400029FB9A /* Resources */,
			);
			buildRules = (
			);
			dependencies = (
			);
			name = RetailStore;
			productName = RetailStore;
			productReference = 85C088041EB530400029FB9A /* RetailStore.app */;
			productType = "com.apple.product-type.application";
		};
		85C0881F1EB530410029FB9A /* RetailStoreTests */ = {
			isa = PBXNativeTarget;
			buildConfigurationList = 85C088371EB530410029FB9A /* Build configuration list for PBXNativeTarget "RetailStoreTests" */;
			buildPhases = (
				85C0881C1EB530410029FB9A /* Sources */,
				85C0881D1EB530410029FB9A /* Frameworks */,
				85C0881E1EB530410029FB9A /* Resources */,
			);
			buildRules = (
			);
			dependencies = (
				85C088221EB530410029FB9A /* PBXTargetDependency */,
			);
			name = RetailStoreTests;
			productName = RetailStoreTests;
			productReference = 85C088201EB530410029FB9A /* RetailStoreTests.xctest */;
			productType = "com.apple.product-type.bundle.unit-test";
		};
		85C0882A1EB530410029FB9A /* RetailStoreUITests */ = {
			isa = PBXNativeTarget;
			buildConfigurationList = 85C0883A1EB530410029FB9A /* Build configuration list for PBXNativeTarget "RetailStoreUITests" */;
			buildPhases = (
				85C088271EB530410029FB9A /* Sources */,
				85C088281EB530410029FB9A /* Frameworks */,
				85C088291EB530410029FB9A /* Resources */,
			);
			buildRules = (
			);
			dependencies = (
				85C0882D1EB530410029FB9A /* PBXTargetDependency */,
			);
			name = RetailStoreUITests;
			productName = RetailStoreUITests;
			productReference = 85C0882B1EB530410029FB9A /* RetailStoreUITests.xctest */;
			productType = "com.apple.product-type.bundle.ui-testing";
		};
/* End PBXNativeTarget section */

/* Begin PBXProject section */
		85C087FC1EB530400029FB9A /* Project object */ = {
			isa = PBXProject;
			attributes = {
				LastUpgradeCheck = 0830;
				ORGANIZATIONNAME = "Sushant kumar";
				TargetAttributes = {
					85C088031EB530400029FB9A = {
						CreatedOnToolsVersion = 8.3.1;
						DevelopmentTeam = XL3DT9SM2L;
						ProvisioningStyle = Automatic;
					};
					85C0881F1EB530410029FB9A = {
						CreatedOnToolsVersion = 8.3.1;
						DevelopmentTeam = XL3DT9SM2L;
						ProvisioningStyle = Automatic;
						TestTargetID = 85C088031EB530400029FB9A;
					};
					85C0882A1EB530410029FB9A = {
						CreatedOnToolsVersion = 8.3.1;
						DevelopmentTeam = XL3DT9SM2L;
						ProvisioningStyle = Automatic;
						TestTargetID = 85C088031EB530400029FB9A;
					};
				};
			};
			buildConfigurationList = 85C087FF1EB530400029FB9A /* Build configuration list for PBXProject "RetailStore" */;
			compatibilityVersion = "Xcode 3.2";
			developmentRegion = English;
			hasScannedForEncodings = 0;
			knownRegions = (
				en,
				Base,
			);
			mainGroup = 85C087FB1EB530400029FB9A;
			productRefGroup = 85C088051EB530400029FB9A /* Products */;
			projectDirPath = "";
			projectRoot = "";
			targets = (
				85C088031EB530400029FB9A /* RetailStore */,
				85C0881F1EB530410029FB9A /* RetailStoreTests */,
				85C0882A1EB530410029FB9A /* RetailStoreUITests */,
			);
		};
/* End PBXProject section */

/* Begin PBXResourcesBuildPhase section */
		85C088021EB530400029FB9A /* Resources */ = {
			isa = PBXResourcesBuildPhase;
			buildActionMask = 2147483647;
			files = (
				85C0881A1EB530400029FB9A /* LaunchScreen.storyboard in Resources */,
				85C088171EB530400029FB9A /* Assets.xcassets in Resources */,
				85C088121EB530400029FB9A /* Main.storyboard in Resources */,
			);
			runOnlyForDeploymentPostprocessing = 0;
		};
		85C0881E1EB530410029FB9A /* Resources */ = {
			isa = PBXResourcesBuildPhase;
			buildActionMask = 2147483647;
			files = (
			);
			runOnlyForDeploymentPostprocessing = 0;
		};
		85C088291EB530410029FB9A /* Resources */ = {
			isa = PBXResourcesBuildPhase;
			buildActionMask = 2147483647;
			files = (
			);
			runOnlyForDeploymentPostprocessing = 0;
		};
/* End PBXResourcesBuildPhase section */

/* Begin PBXSourcesBuildPhase section */
		85C088001EB530400029FB9A /* Sources */ = {
			isa = PBXSourcesBuildPhase;
			buildActionMask = 2147483647;
			files = (
				85C0880F1EB530400029FB9A /* ViewController.m in Sources */,
				85C0880C1EB530400029FB9A /* AppDelegate.m in Sources */,
				85C088151EB530400029FB9A /* RetailStore.xcdatamodeld in Sources */,
				85C088091EB530400029FB9A /* main.m in Sources */,
			);
			runOnlyForDeploymentPostprocessing = 0;
		};
		85C0881C1EB530410029FB9A /* Sources */ = {
			isa = PBXSourcesBuildPhase;
			buildActionMask = 2147483647;
			files = (
				85C088251EB530410029FB9A /* RetailStoreTests.m in Sources */,
			);
			runOnlyForDeploymentPostprocessing = 0;
		};
		85C088271EB530410029FB9A /* Sources */ = {
			isa = PBXSourcesBuildPhase;
			buildActionMask = 2147483647;
			files = (
				85C088301EB530410029FB9A /* RetailStoreUITests.m in Sources */,
			);
			runOnlyForDeploymentPostprocessing = 0;
		};
/* End PBXSourcesBuildPhase section */

/* Begin PBXTargetDependency section */
		85C088221EB530410029FB9A /* PBXTargetDependency */ = {
			isa = PBXTargetDependency;
			target = 85C088031EB530400029FB9A /* RetailStore */;
			targetProxy = 85C088211EB530410029FB9A /* PBXContainerItemProxy */;
		};
		85C0882D1EB530410029FB9A /* PBXTargetDependency */ = {
			isa = PBXTargetDependency;
			target = 85C088031EB530400029FB9A /* RetailStore */;
			targetProxy = 85C0882C1EB530410029FB9A /* PBXContainerItemProxy */;
		};
/* End PBXTargetDependency section */

/* Begin PBXVariantGroup section */
		85C088101EB530400029FB9A /* Main.storyboard */ = {
			isa = PBXVariantGroup;
			children = (
				85C088111EB530400029FB9A /* Base */,
			);
			name = Main.storyboard;
			sourceTree = "<group>";
		};
		85C088181EB530400029FB9A /* LaunchScreen.storyboard */ = {
			isa = PBXVariantGroup;
			children = (
				85C088191EB530400029FB9A /* Base */,
			);
			name = LaunchScreen.storyboard;
			sourceTree = "<group>";
		};
/* End PBXVariantGroup section */

/* Begin XCBuildConfiguration section */
		85C088321EB530410029FB9A /* Debug */ = {
			isa = XCBuildConfiguration;
			buildSettings = {
				ALWAYS_SEARCH_USER_PATHS = NO;
				CLANG_ANALYZER_NONNULL = YES;
				CLANG_ANALYZER_NUMBER_OBJECT_CONVERSION = YES_AGGRESSIVE;
				CLANG_CXX_LANGUAGE_STANDARD = "gnu++0x";
				CLANG_CXX_LIBRARY = "libc++";
				CLANG_ENABLE_MODULES = YES;
				CLANG_ENABLE_OBJC_ARC = YES;
				CLANG_WARN_BOOL_CONVERSION = YES;
				CLANG_WARN_CONSTANT_CONVERSION = YES;
				CLANG_WARN_DIRECT_OBJC_ISA_USAGE = YES_ERROR;
				CLANG_WARN_DOCUMENTATION_COMMENTS = YES;
				CLANG_WARN_EMPTY_BODY = YES;
				CLANG_WARN_ENUM_CONVERSION = YES;
				CLANG_WARN_INFINITE_RECURSION = YES;
				CLANG_WARN_INT_CONVERSION = YES;
				CLANG_WARN_OBJC_ROOT_CLASS = YES_ERROR;
				CLANG_WARN_SUSPICIOUS_MOVE = YES;
				CLANG_WARN_UNREACHABLE_CODE = YES;
				CLANG_WARN__DUPLICATE_METHOD_MATCH = YES;
				"CODE_SIGN_IDENTITY[sdk=iphoneos*]" = "iPhone Developer";
				COPY_PHASE_STRIP = NO;
				DEBUG_INFORMATION_FORMAT = dwarf;
				ENABLE_STRICT_OBJC_MSGSEND = YES;
				ENABLE_TESTABILITY = YES;
				GCC_C_LANGUAGE_STANDARD = gnu99;
				GCC_DYNAMIC_NO_PIC = NO;
				GCC_NO_COMMON_BLOCKS = YES;
				GCC_OPTIMIZATION_LEVEL = 0;
				GCC_PREPROCESSOR_DEFINITIONS = (
					"DEBUG=1",
					"$(inherited)",
				);
				GCC_WARN_64_TO_32_BIT_CONVERSION = YES;
				GCC_WARN_ABOUT_RETURN_TYPE = YES_ERROR;
				GCC_WARN_UNDECLARED_SELECTOR = YES;
				GCC_WARN_UNINITIALIZED_AUTOS = YES_AGGRESSIVE;
				GCC_WARN_UNUSED_FUNCTION = YES;
				GCC_WARN_UNUSED_VARIABLE = YES;
				IPHONEOS_DEPLOYMENT_TARGET = 10.3;
				MTL_ENABLE_DEBUG_INFO = YES;
				ONLY_ACTIVE_ARCH = YES;
				SDKROOT = iphoneos;
				TARGETED_DEVICE_FAMILY = "1,2";
			};
			name = Debug;
		};
		85C088331EB530410029FB9A /* Release */ = {
			isa = XCBuildConfiguration;
			buildSettings = {
				ALWAYS_SEARCH_USER_PATHS = NO;
				CLANG_ANALYZER_NONNULL = YES;
				CLANG_ANALYZER_NUMBER_OBJECT_CONVERSION = YES_AGGRESSIVE;
				CLANG_CXX_LANGUAGE_STANDARD = "gnu++0x";
				CLANG_CXX_LIBRARY = "libc++";
				CLANG_ENABLE_MODULES = YES;
				CLANG_ENABLE_OBJC_ARC = YES;
				CLANG_WARN_BOOL_CONVERSION = YES;
				CLANG_WARN_CONSTANT_CONVERSION = YES;
				CLANG_WARN_DIRECT_OBJC_ISA_USAGE = YES_ERROR;
				CLANG_WARN_DOCUMENTATION_COMMENTS = YES;
				CLANG_WARN_EMPTY_BODY = YES;
				CLANG_WARN_ENUM_CONVERSION = YES;
				CLANG_WARN_INFINITE_RECURSION = YES;
				CLANG_WARN_INT_CONVERSION = YES;
				CLANG_WARN_OBJC_ROOT_CLASS = YES_ERROR;
				CLANG_WARN_SUSPICIOUS_MOVE = YES;
				CLANG_WARN_UNREACHABLE_CODE = YES;
				CLANG_WARN__DUPLICATE_METHOD_MATCH = YES;
				"CODE_SIGN_IDENTITY[sdk=iphoneos*]" = "iPhone Developer";
				COPY_PHASE_STRIP = NO;
				DEBUG_INFORMATION_FORMAT = "dwarf-with-dsym";
				ENABLE_NS_ASSERTIONS = NO;
				ENABLE_STRICT_OBJC_MSGSEND = YES;
				GCC_C_LANGUAGE_STANDARD = gnu99;
				GCC_NO_COMMON_BLOCKS = YES;
				GCC_WARN_64_TO_32_BIT_CONVERSION = YES;
				GCC_WARN_ABOUT_RETURN_TYPE = YES_ERROR;
				GCC_WARN_UNDECLARED_SELECTOR = YES;
				GCC_WARN_UNINITIALIZED_AUTOS = YES_AGGRESSIVE;
				GCC_WARN_UNUSED_FUNCTION = YES;
				GCC_WARN_UNUSED_VARIABLE = YES;
				IPHONEOS_DEPLOYMENT_TARGET = 10.3;
				MTL_ENABLE_DEBUG_INFO = NO;
				SDKROOT = iphoneos;
				TARGETED_DEVICE_FAMILY = "1,2";
				VALIDATE_PRODUCT = YES;
			};
			name = Release;
		};
		85C088351EB530410029FB9A /* Debug */ = {
			isa = XCBuildConfiguration;
			buildSettings = {
				ASSETCATALOG_COMPILER_APPICON_NAME = AppIcon;
				DEVELOPMENT_TEAM = XL3DT9SM2L;
				INFOPLIST_FILE = RetailStore/Info.plist;
				LD_RUNPATH_SEARCH_PATHS = "$(inherited) @executable_path/Frameworks";
				PRODUCT_BUNDLE_IDENTIFIER = com.test.RetailStore;
				PRODUCT_NAME = "$(TARGET_NAME)";
			};
			name = Debug;
		};
		85C088361EB530410029FB9A /* Release */ = {
			isa = XCBuildConfiguration;
			buildSettings = {
				ASSETCATALOG_COMPILER_APPICON_NAME = AppIcon;
				DEVELOPMENT_TEAM = XL3DT9SM2L;
				INFOPLIST_FILE = RetailStore/Info.plist;
				LD_RUNPATH_SEARCH_PATHS = "$(inherited) @executable_path/Frameworks";
				PRODUCT_BUNDLE_IDENTIFIER = com.test.RetailStore;
				PRODUCT_NAME = "$(TARGET_NAME)";
			};
			name = Release;
		};
		85C088381EB530410029FB9A /* Debug */ = {
			isa = XCBuildConfiguration;
			buildSettings = {
				BUNDLE_LOADER = "$(TEST_HOST)";
				DEVELOPMENT_TEAM = XL3DT9SM2L;
				INFOPLIST_FILE = RetailStoreTests/Info.plist;
				LD_RUNPATH_SEARCH_PATHS = "$(inherited) @executable_path/Frameworks @loader_path/Frameworks";
				PRODUCT_BUNDLE_IDENTIFIER = com.test.RetailStoreTests;
				PRODUCT_NAME = "$(TARGET_NAME)";
				TEST_HOST = "$(BUILT_PRODUCTS_DIR)/RetailStore.app/RetailStore";
			};
			name = Debug;
		};
		85C088391EB530410029FB9A /* Release */ = {
			isa = XCBuildConfiguration;
			buildSettings = {
				BUNDLE_LOADER = "$(TEST_HOST)";
				DEVELOPMENT_TEAM = XL3DT9SM2L;
				INFOPLIST_FILE = RetailStoreTests/Info.plist;
				LD_RUNPATH_SEARCH_PATHS = "$(inherited) @executable_path/Frameworks @loader_path/Frameworks";
				PRODUCT_BUNDLE_IDENTIFIER = com.test.RetailStoreTests;
				PRODUCT_NAME = "$(TARGET_NAME)";
				TEST_HOST = "$(BUILT_PRODUCTS_DIR)/RetailStore.app/RetailStore";
			};
			name = Release;
		};
		85C0883B1EB530410029FB9A /* Debug */ = {
			isa = XCBuildConfiguration;
			buildSettings = {
				DEVELOPMENT_TEAM = XL3DT9SM2L;
				INFOPLIST_FILE = RetailStoreUITests/Info.plist;
				LD_RUNPATH_SEARCH_PATHS = "$(inherited) @executable_path/Frameworks @loader_path/Frameworks";
				PRODUCT_BUNDLE_IDENTIFIER = com.test.RetailStoreUITests;
				PRODUCT_NAME = "$(TARGET_NAME)";
				TEST_TARGET_NAME = RetailStore;
			};
			name = Debug;
		};
		85C0883C1EB530410029FB9A /* Release */ = {
			isa = XCBuildConfiguration;
			buildSettings = {
				DEVELOPMENT_TEAM = XL3DT9SM2L;
				INFOPLIST_FILE = RetailStoreUITests/Info.plist;
				LD_RUNPATH_SEARCH_PATHS = "$(inherited) @executable_path/Frameworks @loader_path/Frameworks";
				PRODUCT_BUNDLE_IDENTIFIER = com.test.RetailStoreUITests;
				PRODUCT_NAME = "$(TARGET_NAME)";
				TEST_TARGET_NAME = RetailStore;
			};
			name = Release;
		};
/* End XCBuildConfiguration section */

/* Begin XCConfigurationList section */
		85C087FF1EB530400029FB9A /* Build configuration list for PBXProject "RetailStore" */ = {
			isa = XCConfigurationList;
			buildConfigurations = (
				85C088321EB530410029FB9A /* Debug */,
				85C088331EB530410029FB9A /* Release */,
			);
			defaultConfigurationIsVisible = 0;
			defaultConfigurationName = Release;
		};
		85C088341EB530410029FB9A /* Build configuration list for PBXNativeTarget "RetailStore" */ = {
			isa = XCConfigurationList;
			buildConfigurations = (
				85C088351EB530410029FB9A /* Debug */,
				85C088361EB530410029FB9A /* Release */,
			);
			defaultConfigurationIsVisible = 0;
		};
		85C088371EB530410029FB9A /* Build configuration list for PBXNativeTarget "RetailStoreTests" */ = {
			isa = XCConfigurationList;
			buildConfigurations = (
				85C088381EB530410029FB9A /* Debug */,
				85C088391EB530410029FB9A /* Release */,
			);
			defaultConfigurationIsVisible = 0;
		};
		85C0883A1EB530410029FB9A /* Build configuration list for PBXNativeTarget "RetailStoreUITests" */ = {
			isa = XCConfigurationList;
			buildConfigurations = (
				85C0883B1EB530410029FB9A /* Debug */,
				85C0883C1EB530410029FB9A /* Release */,
			);
			defaultConfigurationIsVisible = 0;
		};
/* End XCConfigurationList section */

/* Begin XCVersionGroup section */
		85C088131EB530400029FB9A /* RetailStore.xcdatamodeld */ = {
			isa = XCVersionGroup;
			children = (
				85C088141EB530400029FB9A /* RetailStore.xcdatamodel */,
			);
			currentVersion = 85C088141EB530400029FB9A /* RetailStore.xcdatamodel */;
			path = RetailStore.xcdatamodeld;
			sourceTree = "<group>";
			versionGroupType = wrapper.xcdatamodel;
		};
/* End XCVersionGroup section */
	};
	rootObject = 85C087FC1EB530400029FB9A /* Project object */;
}
